// !$*UTF8*$!
{
	archiveVersion = 1;
	classes = {
	};
	objectVersion = 46;
	objects = {

/* Begin PBXBuildFile section */
		DEB024DE1DC22FCE00A13040 /* AppDelegate.swift in Sources */ = {isa = PBXBuildFile; fileRef = DEB024DD1DC22FCE00A13040 /* AppDelegate.swift */; };
		DEB024E01DC22FCE00A13040 /* ViewController.swift in Sources */ = {isa = PBXBuildFile; fileRef = DEB024DF1DC22FCE00A13040 /* ViewController.swift */; };
		DEB024E31DC22FCE00A13040 /* Main.storyboard in Resources */ = {isa = PBXBuildFile; fileRef = DEB024E11DC22FCE00A13040 /* Main.storyboard */; };
		DEB024E51DC22FCE00A13040 /* Assets.xcassets in Resources */ = {isa = PBXBuildFile; fileRef = DEB024E41DC22FCE00A13040 /* Assets.xcassets */; };
		DEB024E81DC22FCE00A13040 /* LaunchScreen.storyboard in Resources */ = {isa = PBXBuildFile; fileRef = DEB024E61DC22FCE00A13040 /* LaunchScreen.storyboard */; };
		DEB024F31DC22FCF00A13040 /* Pitch_PerfectTests.swift in Sources */ = {isa = PBXBuildFile; fileRef = DEB024F21DC22FCF00A13040 /* Pitch_PerfectTests.swift */; };
		DEB024FE1DC22FCF00A13040 /* Pitch_PerfectUITests.swift in Sources */ = {isa = PBXBuildFile; fileRef = DEB024FD1DC22FCF00A13040 /* Pitch_PerfectUITests.swift */; };
/* End PBXBuildFile section */

/* Begin PBXContainerItemProxy section */
		DEB024EF1DC22FCF00A13040 /* PBXContainerItemProxy */ = {
			isa = PBXContainerItemProxy;
			containerPortal = DEB024D21DC22FCE00A13040 /* Project object */;
			proxyType = 1;
			remoteGlobalIDString = DEB024D91DC22FCE00A13040;
			remoteInfo = "Pitch-Perfect";
		};
		DEB024FA1DC22FCF00A13040 /* PBXContainerItemProxy */ = {
			isa = PBXContainerItemProxy;
			containerPortal = DEB024D21DC22FCE00A13040 /* Project object */;
			proxyType = 1;
			remoteGlobalIDString = DEB024D91DC22FCE00A13040;
			remoteInfo = "Pitch-Perfect";
		};
/* End PBXContainerItemProxy section */

/* Begin PBXFileReference section */
		DEB024DA1DC22FCE00A13040 /* Pitch-Perfect.app */ = {isa = PBXFileReference; explicitFileType = wrapper.application; includeInIndex = 0; path = "Pitch-Perfect.app"; sourceTree = BUILT_PRODUCTS_DIR; };
		DEB024DD1DC22FCE00A13040 /* AppDelegate.swift */ = {isa = PBXFileReference; lastKnownFileType = sourcecode.swift; path = AppDelegate.swift; sourceTree = "<group>"; };
		DEB024DF1DC22FCE00A13040 /* ViewController.swift */ = {isa = PBXFileReference; lastKnownFileType = sourcecode.swift; path = ViewController.swift; sourceTree = "<group>"; };
		DEB024E21DC22FCE00A13040 /* Base */ = {isa = PBXFileReference; lastKnownFileType = file.storyboard; name = Base; path = Base.lproj/Main.storyboard; sourceTree = "<group>"; };
		DEB024E41DC22FCE00A13040 /* Assets.xcassets */ = {isa = PBXFileReference; lastKnownFileType = folder.assetcatalog; path = Assets.xcassets; sourceTree = "<group>"; };
		DEB024E71DC22FCE00A13040 /* Base */ = {isa = PBXFileReference; lastKnownFileType = file.storyboard; name = Base; path = Base.lproj/LaunchScreen.storyboard; sourceTree = "<group>"; };
		DEB024E91DC22FCE00A13040 /* Info.plist */ = {isa = PBXFileReference; lastKnownFileType = text.plist.xml; path = Info.plist; sourceTree = "<group>"; };
		DEB024EE1DC22FCF00A13040 /* Pitch-PerfectTests.xctest */ = {isa = PBXFileReference; explicitFileType = wrapper.cfbundle; includeInIndex = 0; path = "Pitch-PerfectTests.xctest"; sourceTree = BUILT_PRODUCTS_DIR; };
		DEB024F21DC22FCF00A13040 /* Pitch_PerfectTests.swift */ = {isa = PBXFileReference; lastKnownFileType = sourcecode.swift; path = Pitch_PerfectTests.swift; sourceTree = "<group>"; };
		DEB024F41DC22FCF00A13040 /* Info.plist */ = {isa = PBXFileReference; lastKnownFileType = text.plist.xml; path = Info.plist; sourceTree = "<group>"; };
		DEB024F91DC22FCF00A13040 /* Pitch-PerfectUITests.xctest */ = {isa = PBXFileReference; explicitFileType = wrapper.cfbundle; includeInIndex = 0; path = "Pitch-PerfectUITests.xctest"; sourceTree = BUILT_PRODUCTS_DIR; };
		DEB024FD1DC22FCF00A13040 /* Pitch_PerfectUITests.swift */ = {isa = PBXFileReference; lastKnownFileType = sourcecode.swift; path = Pitch_PerfectUITests.swift; sourceTree = "<group>"; };
		DEB024FF1DC22FCF00A13040 /* Info.plist */ = {isa = PBXFileReference; lastKnownFileType = text.plist.xml; path = Info.plist; sourceTree = "<group>"; };
/* End PBXFileReference section */

/* Begin PBXFrameworksBuildPhase section */
		DEB024D71DC22FCE00A13040 /* Frameworks */ = {
			isa = PBXFrameworksBuildPhase;
			buildActionMask = 2147483647;
			files = (
			);
			runOnlyForDeploymentPostprocessing = 0;
		};
		DEB024EB1DC22FCF00A13040 /* Frameworks */ = {
			isa = PBXFrameworksBuildPhase;
			buildActionMask = 2147483647;
			files = (
			);
			runOnlyForDeploymentPostprocessing = 0;
		};
		DEB024F61DC22FCF00A13040 /* Frameworks */ = {
			isa = PBXFrameworksBuildPhase;
			buildActionMask = 2147483647;
			files = (
			);
			runOnlyForDeploymentPostprocessing = 0;
		};
/* End PBXFrameworksBuildPhase section */

/* Begin PBXGroup section */
		DEB024D11DC22FCE00A13040 = {
			isa = PBXGroup;
			children = (
				DEB024DC1DC22FCE00A13040 /* Pitch-Perfect */,
				DEB024F11DC22FCF00A13040 /* Pitch-PerfectTests */,
				DEB024FC1DC22FCF00A13040 /* Pitch-PerfectUITests */,
				DEB024DB1DC22FCE00A13040 /* Products */,
			);
			sourceTree = "<group>";
		};
		DEB024DB1DC22FCE00A13040 /* Products */ = {
			isa = PBXGroup;
			children = (
				DEB024DA1DC22FCE00A13040 /* Pitch-Perfect.app */,
				DEB024EE1DC22FCF00A13040 /* Pitch-PerfectTests.xctest */,
				DEB024F91DC22FCF00A13040 /* Pitch-PerfectUITests.xctest */,
			);
			name = Products;
			sourceTree = "<group>";
		};
		DEB024DC1DC22FCE00A13040 /* Pitch-Perfect */ = {
			isa = PBXGroup;
			children = (
				DEB024DD1DC22FCE00A13040 /* AppDelegate.swift */,
				DEB024DF1DC22FCE00A13040 /* ViewController.swift */,
				DEB024E11DC22FCE00A13040 /* Main.storyboard */,
				DEB024E41DC22FCE00A13040 /* Assets.xcassets */,
				DEB024E61DC22FCE00A13040 /* LaunchScreen.storyboard */,
				DEB024E91DC22FCE00A13040 /* Info.plist */,
			);
			path = "Pitch-Perfect";
			sourceTree = "<group>";
		};
		DEB024F11DC22FCF00A13040 /* Pitch-PerfectTests */ = {
			isa = PBXGroup;
			children = (
				DEB024F21DC22FCF00A13040 /* Pitch_PerfectTests.swift */,
				DEB024F41DC22FCF00A13040 /* Info.plist */,
			);
			path = "Pitch-PerfectTests";
			sourceTree = "<group>";
		};
		DEB024FC1DC22FCF00A13040 /* Pitch-PerfectUITests */ = {
			isa = PBXGroup;
			children = (
				DEB024FD1DC22FCF00A13040 /* Pitch_PerfectUITests.swift */,
				DEB024FF1DC22FCF00A13040 /* Info.plist */,
			);
			path = "Pitch-PerfectUITests";
			sourceTree = "<group>";
		};
/* End PBXGroup section */

/* Begin PBXNativeTarget section */
		DEB024D91DC22FCE00A13040 /* Pitch-Perfect */ = {
			isa = PBXNativeTarget;
			buildConfigurationList = DEB025021DC22FCF00A13040 /* Build configuration list for PBXNativeTarget "Pitch-Perfect" */;
			buildPhases = (
				DEB024D61DC22FCE00A13040 /* Sources */,
				DEB024D71DC22FCE00A13040 /* Frameworks */,
				DEB024D81DC22FCE00A13040 /* Resources */,
			);
			buildRules = (
			);
			dependencies = (
			);
			name = "Pitch-Perfect";
			productName = "Pitch-Perfect";
			productReference = DEB024DA1DC22FCE00A13040 /* Pitch-Perfect.app */;
			productType = "com.apple.product-type.application";
		};
		DEB024ED1DC22FCF00A13040 /* Pitch-PerfectTests */ = {
			isa = PBXNativeTarget;
			buildConfigurationList = DEB025051DC22FCF00A13040 /* Build configuration list for PBXNativeTarget "Pitch-PerfectTests" */;
			buildPhases = (
				DEB024EA1DC22FCF00A13040 /* Sources */,
				DEB024EB1DC22FCF00A13040 /* Frameworks */,
				DEB024EC1DC22FCF00A13040 /* Resources */,
			);
			buildRules = (
			);
			dependencies = (
				DEB024F01DC22FCF00A13040 /* PBXTargetDependency */,
			);
			name = "Pitch-PerfectTests";
			productName = "Pitch-PerfectTests";
			productReference = DEB024EE1DC22FCF00A13040 /* Pitch-PerfectTests.xctest */;
			productType = "com.apple.product-type.bundle.unit-test";
		};
		DEB024F81DC22FCF00A13040 /* Pitch-PerfectUITests */ = {
			isa = PBXNativeTarget;
			buildConfigurationList = DEB025081DC22FCF00A13040 /* Build configuration list for PBXNativeTarget "Pitch-PerfectUITests" */;
			buildPhases = (
				DEB024F51DC22FCF00A13040 /* Sources */,
				DEB024F61DC22FCF00A13040 /* Frameworks */,
				DEB024F71DC22FCF00A13040 /* Resources */,
			);
			buildRules = (
			);
			dependencies = (
				DEB024FB1DC22FCF00A13040 /* PBXTargetDependency */,
			);
			name = "Pitch-PerfectUITests";
			productName = "Pitch-PerfectUITests";
			productReference = DEB024F91DC22FCF00A13040 /* Pitch-PerfectUITests.xctest */;
			productType = "com.apple.product-type.bundle.ui-testing";
		};
/* End PBXNativeTarget section */

/* Begin PBXProject section */
		DEB024D21DC22FCE00A13040 /* Project object */ = {
			isa = PBXProject;
			attributes = {
				LastSwiftUpdateCheck = 0800;
				LastUpgradeCheck = 0800;
				ORGANIZATIONNAME = "Juan Cardona";
				TargetAttributes = {
					DEB024D91DC22FCE00A13040 = {
						CreatedOnToolsVersion = 8.0;
						ProvisioningStyle = Automatic;
					};
					DEB024ED1DC22FCF00A13040 = {
						CreatedOnToolsVersion = 8.0;
						ProvisioningStyle = Automatic;
						TestTargetID = DEB024D91DC22FCE00A13040;
					};
					DEB024F81DC22FCF00A13040 = {
						CreatedOnToolsVersion = 8.0;
						ProvisioningStyle = Automatic;
						TestTargetID = DEB024D91DC22FCE00A13040;
					};
				};
			};
			buildConfigurationList = DEB024D51DC22FCE00A13040 /* Build configuration list for PBXProject "Pitch-Perfect" */;
			compatibilityVersion = "Xcode 3.2";
			developmentRegion = English;
			hasScannedForEncodings = 0;
			knownRegions = (
				en,
				Base,
			);
			mainGroup = DEB024D11DC22FCE00A13040;
			productRefGroup = DEB024DB1DC22FCE00A13040 /* Products */;
			projectDirPath = "";
			projectRoot = "";
			targets = (
				DEB024D91DC22FCE00A13040 /* Pitch-Perfect */,
				DEB024ED1DC22FCF00A13040 /* Pitch-PerfectTests */,
				DEB024F81DC22FCF00A13040 /* Pitch-PerfectUITests */,
			);
		};
/* End PBXProject section */

/* Begin PBXResourcesBuildPhase section */
		DEB024D81DC22FCE00A13040 /* Resources */ = {
			isa = PBXResourcesBuildPhase;
			buildActionMask = 2147483647;
			files = (
				DEB024E81DC22FCE00A13040 /* LaunchScreen.storyboard in Resources */,
				DEB024E51DC22FCE00A13040 /* Assets.xcassets in Resources */,
				DEB024E31DC22FCE00A13040 /* Main.storyboard in Resources */,
			);
			runOnlyForDeploymentPostprocessing = 0;
		};
		DEB024EC1DC22FCF00A13040 /* Resources */ = {
			isa = PBXResourcesBuildPhase;
			buildActionMask = 2147483647;
			files = (
			);
			runOnlyForDeploymentPostprocessing = 0;
		};
		DEB024F71DC22FCF00A13040 /* Resources */ = {
			isa = PBXResourcesBuildPhase;
			buildActionMask = 2147483647;
			files = (
			);
			runOnlyForDeploymentPostprocessing = 0;
		};
/* End PBXResourcesBuildPhase section */

/* Begin PBXSourcesBuildPhase section */
		DEB024D61DC22FCE00A13040 /* Sources */ = {
			isa = PBXSourcesBuildPhase;
			buildActionMask = 2147483647;
			files = (
				DEB024E01DC22FCE00A13040 /* ViewController.swift in Sources */,
				DEB024DE1DC22FCE00A13040 /* AppDelegate.swift in Sources */,
			);
			runOnlyForDeploymentPostprocessing = 0;
		};
		DEB024EA1DC22FCF00A13040 /* Sources */ = {
			isa = PBXSourcesBuildPhase;
			buildActionMask = 2147483647;
			files = (
				DEB024F31DC22FCF00A13040 /* Pitch_PerfectTests.swift in Sources */,
			);
			runOnlyForDeploymentPostprocessing = 0;
		};
		DEB024F51DC22FCF00A13040 /* Sources */ = {
			isa = PBXSourcesBuildPhase;
			buildActionMask = 2147483647;
			files = (
				DEB024FE1DC22FCF00A13040 /* Pitch_PerfectUITests.swift in Sources */,
			);
			runOnlyForDeploymentPostprocessing = 0;
		};
/* End PBXSourcesBuildPhase section */

/* Begin PBXTargetDependency section */
		DEB024F01DC22FCF00A13040 /* PBXTargetDependency */ = {
			isa = PBXTargetDependency;
			target = DEB024D91DC22FCE00A13040 /* Pitch-Perfect */;
			targetProxy = DEB024EF1DC22FCF00A13040 /* PBXContainerItemProxy */;
		};
		DEB024FB1DC22FCF00A13040 /* PBXTargetDependency */ = {
			isa = PBXTargetDependency;
			target = DEB024D91DC22FCE00A13040 /* Pitch-Perfect */;
			targetProxy = DEB024FA1DC22FCF00A13040 /* PBXContainerItemProxy */;
		};
/* End PBXTargetDependency section */

/* Begin PBXVariantGroup section */
		DEB024E11DC22FCE00A13040 /* Main.storyboard */ = {
			isa = PBXVariantGroup;
			children = (
				DEB024E21DC22FCE00A13040 /* Base */,
			);
			name = Main.storyboard;
			sourceTree = "<group>";
		};
		DEB024E61DC22FCE00A13040 /* LaunchScreen.storyboard */ = {
			isa = PBXVariantGroup;
			children = (
				DEB024E71DC22FCE00A13040 /* Base */,
			);
			name = LaunchScreen.storyboard;
			sourceTree = "<group>";
		};
/* End PBXVariantGroup section */

/* Begin XCBuildConfiguration section */
		DEB025001DC22FCF00A13040 /* Debug */ = {
			isa = XCBuildConfiguration;
			buildSettings = {
				ALWAYS_SEARCH_USER_PATHS = NO;
				CLANG_ANALYZER_NONNULL = YES;
				CLANG_CXX_LANGUAGE_STANDARD = "gnu++0x";
				CLANG_CXX_LIBRARY = "libc++";
				CLANG_ENABLE_MODULES = YES;
				CLANG_ENABLE_OBJC_ARC = YES;
				CLANG_WARN_BOOL_CONVERSION = YES;
				CLANG_WARN_CONSTANT_CONVERSION = YES;
				CLANG_WARN_DIRECT_OBJC_ISA_USAGE = YES_ERROR;
				CLANG_WARN_DOCUMENTATION_COMMENTS = YES;
				CLANG_WARN_EMPTY_BODY = YES;
				CLANG_WARN_ENUM_CONVERSION = YES;
				CLANG_WARN_INFINITE_RECURSION = YES;
				CLANG_WARN_INT_CONVERSION = YES;
				CLANG_WARN_OBJC_ROOT_CLASS = YES_ERROR;
				CLANG_WARN_SUSPICIOUS_MOVES = YES;
				CLANG_WARN_UNREACHABLE_CODE = YES;
				CLANG_WARN__DUPLICATE_METHOD_MATCH = YES;
				"CODE_SIGN_IDENTITY[sdk=iphoneos*]" = "iPhone Developer";
				COPY_PHASE_STRIP = NO;
				DEBUG_INFORMATION_FORMAT = dwarf;
				ENABLE_STRICT_OBJC_MSGSEND = YES;
				ENABLE_TESTABILITY = YES;
				GCC_C_LANGUAGE_STANDARD = gnu99;
				GCC_DYNAMIC_NO_PIC = NO;
				GCC_NO_COMMON_BLOCKS = YES;
				GCC_OPTIMIZATION_LEVEL = 0;
				GCC_PREPROCESSOR_DEFINITIONS = (
					"DEBUG=1",
					"$(inherited)",
				);
				GCC_WARN_64_TO_32_BIT_CONVERSION = YES;
				GCC_WARN_ABOUT_RETURN_TYPE = YES_ERROR;
				GCC_WARN_UNDECLARED_SELECTOR = YES;
				GCC_WARN_UNINITIALIZED_AUTOS = YES_AGGRESSIVE;
				GCC_WARN_UNUSED_FUNCTION = YES;
				GCC_WARN_UNUSED_VARIABLE = YES;
				IPHONEOS_DEPLOYMENT_TARGET = 10.0;
				MTL_ENABLE_DEBUG_INFO = YES;
				ONLY_ACTIVE_ARCH = YES;
				SDKROOT = iphoneos;
				SWIFT_ACTIVE_COMPILATION_CONDITIONS = DEBUG;
				SWIFT_OPTIMIZATION_LEVEL = "-Onone";
				TARGETED_DEVICE_FAMILY = "1,2";
			};
			name = Debug;
		};
		DEB025011DC22FCF00A13040 /* Release */ = {
			isa = XCBuildConfiguration;
			buildSettings = {
				ALWAYS_SEARCH_USER_PATHS = NO;
				CLANG_ANALYZER_NONNULL = YES;
				CLANG_CXX_LANGUAGE_STANDARD = "gnu++0x";
				CLANG_CXX_LIBRARY = "libc++";
				CLANG_ENABLE_MODULES = YES;
				CLANG_ENABLE_OBJC_ARC = YES;
				CLANG_WARN_BOOL_CONVERSION = YES;
				CLANG_WARN_CONSTANT_CONVERSION = YES;
				CLANG_WARN_DIRECT_OBJC_ISA_USAGE = YES_ERROR;
				CLANG_WARN_DOCUMENTATION_COMMENTS = YES;
				CLANG_WARN_EMPTY_BODY = YES;
				CLANG_WARN_ENUM_CONVERSION = YES;
				CLANG_WARN_INFINITE_RECURSION = YES;
				CLANG_WARN_INT_CONVERSION = YES;
				CLANG_WARN_OBJC_ROOT_CLASS = YES_ERROR;
				CLANG_WARN_SUSPICIOUS_MOVES = YES;
				CLANG_WARN_UNREACHABLE_CODE = YES;
				CLANG_WARN__DUPLICATE_METHOD_MATCH = YES;
				"CODE_SIGN_IDENTITY[sdk=iphoneos*]" = "iPhone Developer";
				COPY_PHASE_STRIP = NO;
				DEBUG_INFORMATION_FORMAT = "dwarf-with-dsym";
				ENABLE_NS_ASSERTIONS = NO;
				ENABLE_STRICT_OBJC_MSGSEND = YES;
				GCC_C_LANGUAGE_STANDARD = gnu99;
				GCC_NO_COMMON_BLOCKS = YES;
				GCC_WARN_64_TO_32_BIT_CONVERSION = YES;
				GCC_WARN_ABOUT_RETURN_TYPE = YES_ERROR;
				GCC_WARN_UNDECLARED_SELECTOR = YES;
				GCC_WARN_UNINITIALIZED_AUTOS = YES_AGGRESSIVE;
				GCC_WARN_UNUSED_FUNCTION = YES;
				GCC_WARN_UNUSED_VARIABLE = YES;
				IPHONEOS_DEPLOYMENT_TARGET = 10.0;
				MTL_ENABLE_DEBUG_INFO = NO;
				SDKROOT = iphoneos;
				SWIFT_OPTIMIZATION_LEVEL = "-Owholemodule";
				TARGETED_DEVICE_FAMILY = "1,2";
				VALIDATE_PRODUCT = YES;
			};
			name = Release;
		};
		DEB025031DC22FCF00A13040 /* Debug */ = {
			isa = XCBuildConfiguration;
			buildSettings = {
				ASSETCATALOG_COMPILER_APPICON_NAME = AppIcon;
				INFOPLIST_FILE = "Pitch-Perfect/Info.plist";
				LD_RUNPATH_SEARCH_PATHS = "$(inherited) @executable_path/Frameworks";
				PRODUCT_BUNDLE_IDENTIFIER = "Udacity.Pitch-Perfect";
				PRODUCT_NAME = "$(TARGET_NAME)";
				SWIFT_VERSION = 3.0;
			};
			name = Debug;
		};
		DEB025041DC22FCF00A13040 /* Release */ = {
			isa = XCBuildConfiguration;
			buildSettings = {
				ASSETCATALOG_COMPILER_APPICON_NAME = AppIcon;
				INFOPLIST_FILE = "Pitch-Perfect/Info.plist";
				LD_RUNPATH_SEARCH_PATHS = "$(inherited) @executable_path/Frameworks";
				PRODUCT_BUNDLE_IDENTIFIER = "Udacity.Pitch-Perfect";
				PRODUCT_NAME = "$(TARGET_NAME)";
				SWIFT_VERSION = 3.0;
			};
			name = Release;
		};
		DEB025061DC22FCF00A13040 /* Debug */ = {
			isa = XCBuildConfiguration;
			buildSettings = {
				ALWAYS_EMBED_SWIFT_STANDARD_LIBRARIES = YES;
				BUNDLE_LOADER = "$(TEST_HOST)";
				INFOPLIST_FILE = "Pitch-PerfectTests/Info.plist";
				LD_RUNPATH_SEARCH_PATHS = "$(inherited) @executable_path/Frameworks @loader_path/Frameworks";
				PRODUCT_BUNDLE_IDENTIFIER = "Udacity.Pitch-PerfectTests";
				PRODUCT_NAME = "$(TARGET_NAME)";
				SWIFT_VERSION = 3.0;
				TEST_HOST = "$(BUILT_PRODUCTS_DIR)/Pitch-Perfect.app/Pitch-Perfect";
			};
			name = Debug;
		};
		DEB025071DC22FCF00A13040 /* Release */ = {
			isa = XCBuildConfiguration;
			buildSettings = {
				ALWAYS_EMBED_SWIFT_STANDARD_LIBRARIES = YES;
				BUNDLE_LOADER = "$(TEST_HOST)";
				INFOPLIST_FILE = "Pitch-PerfectTests/Info.plist";
				LD_RUNPATH_SEARCH_PATHS = "$(inherited) @executable_path/Frameworks @loader_path/Frameworks";
				PRODUCT_BUNDLE_IDENTIFIER = "Udacity.Pitch-PerfectTests";
				PRODUCT_NAME = "$(TARGET_NAME)";
				SWIFT_VERSION = 3.0;
				TEST_HOST = "$(BUILT_PRODUCTS_DIR)/Pitch-Perfect.app/Pitch-Perfect";
			};
			name = Release;
		};
		DEB025091DC22FCF00A13040 /* Debug */ = {
			isa = XCBuildConfiguration;
			buildSettings = {
				ALWAYS_EMBED_SWIFT_STANDARD_LIBRARIES = YES;
				INFOPLIST_FILE = "Pitch-PerfectUITests/Info.plist";
				LD_RUNPATH_SEARCH_PATHS = "$(inherited) @executable_path/Frameworks @loader_path/Frameworks";
				PRODUCT_BUNDLE_IDENTIFIER = "Udacity.Pitch-PerfectUITests";
				PRODUCT_NAME = "$(TARGET_NAME)";
				SWIFT_VERSION = 3.0;
				TEST_TARGET_NAME = "Pitch-Perfect";
			};
			name = Debug;
		};
		DEB0250A1DC22FCF00A13040 /* Release */ = {
			isa = XCBuildConfiguration;
			buildSettings = {
				ALWAYS_EMBED_SWIFT_STANDARD_LIBRARIES = YES;
				INFOPLIST_FILE = "Pitch-PerfectUITests/Info.plist";
				LD_RUNPATH_SEARCH_PATHS = "$(inherited) @executable_path/Frameworks @loader_path/Frameworks";
				PRODUCT_BUNDLE_IDENTIFIER = "Udacity.Pitch-PerfectUITests";
				PRODUCT_NAME = "$(TARGET_NAME)";
				SWIFT_VERSION = 3.0;
				TEST_TARGET_NAME = "Pitch-Perfect";
			};
			name = Release;
		};
/* End XCBuildConfiguration section */

/* Begin XCConfigurationList section */
		DEB024D51DC22FCE00A13040 /* Build configuration list for PBXProject "Pitch-Perfect" */ = {
			isa = XCConfigurationList;
			buildConfigurations = (
				DEB025001DC22FCF00A13040 /* Debug */,
				DEB025011DC22FCF00A13040 /* Release */,
			);
			defaultConfigurationIsVisible = 0;
			defaultConfigurationName = Release;
		};
		DEB025021DC22FCF00A13040 /* Build configuration list for PBXNativeTarget "Pitch-Perfect" */ = {
			isa = XCConfigurationList;
			buildConfigurations = (
				DEB025031DC22FCF00A13040 /* Debug */,
				DEB025041DC22FCF00A13040 /* Release */,
			);
			defaultConfigurationIsVisible = 0;
		};
		DEB025051DC22FCF00A13040 /* Build configuration list for PBXNativeTarget "Pitch-PerfectTests" */ = {
			isa = XCConfigurationList;
			buildConfigurations = (
				DEB025061DC22FCF00A13040 /* Debug */,
				DEB025071DC22FCF00A13040 /* Release */,
			);
			defaultConfigurationIsVisible = 0;
		};
		DEB025081DC22FCF00A13040 /* Build configuration list for PBXNativeTarget "Pitch-PerfectUITests" */ = {
			isa = XCConfigurationList;
			buildConfigurations = (
				DEB025091DC22FCF00A13040 /* Debug */,
				DEB0250A1DC22FCF00A13040 /* Release */,
			);
			defaultConfigurationIsVisible = 0;
		};
/* End XCConfigurationList section */
	};
	rootObject = DEB024D21DC22FCE00A13040 /* Project object */;
}
